
Microsoft Visual Studio Solution File, Format Version 12.00
# Visual Studio Version 16
VisualStudioVersion = 16.0.31005.135
MinimumVisualStudioVersion = 10.0.40219.1
Project("{FAE04EC0-301F-11D3-BF4B-00C04F79EFBC}") = "Dpwork.Core.Repository.Dapper", "Dpwork.Core.Repository.Dapper\Dpwork.Core.Repository.Dapper.csproj", "{6C3BA3DC-8338-4C6B-9613-1B04AFC97D72}"
EndProject
Project("{FAE04EC0-301F-11D3-BF4B-00C04F79EFBC}") = "Dpwork.Core", "Dpwork.Core\Dpwork.Core.csproj", "{77BA6D99-7785-4BD7-84E9-959C5EF887AD}"
EndProject
Global
	GlobalSection(SolutionConfigurationPlatforms) = preSolution
		Debug|Any CPU = Debug|Any CPU
		Release|Any CPU = Release|Any CPU
	EndGlobalSection
	GlobalSection(ProjectConfigurationPlatforms) = postSolution
		{6C3BA3DC-8338-4C6B-9613-1B04AFC97D72}.Debug|Any CPU.ActiveCfg = Debug|Any CPU
		{6C3BA3DC-8338-4C6B-9613-1B04AFC97D72}.Debug|Any CPU.Build.0 = Debug|Any CPU
		{6C3BA3DC-8338-4C6B-9613-1B04AFC97D72}.Release|Any CPU.ActiveCfg = Release|Any CPU
		{6C3BA3DC-8338-4C6B-9613-1B04AFC97D72}.Release|Any CPU.Build.0 = Release|Any CPU
		{77BA6D99-7785-4BD7-84E9-959C5EF887AD}.Debug|Any CPU.ActiveCfg = Debug|Any CPU
		{77BA6D99-7785-4BD7-84E9-959C5EF887AD}.Debug|Any CPU.Build.0 = Debug|Any CPU
		{77BA6D99-7785-4BD7-84E9-959C5EF887AD}.Release|Any CPU.ActiveCfg = Release|Any CPU
		{77BA6D99-7785-4BD7-84E9-959C5EF887AD}.Release|Any CPU.Build.0 = Release|Any CPU
	EndGlobalSection
	GlobalSection(SolutionProperties) = preSolution
		HideSolutionNode = FALSE
	EndGlobalSection
	GlobalSection(ExtensibilityGlobals) = postSolution
		SolutionGuid = {A974EC07-06B4-4C1C-B984-E925EC8E16A5}
	EndGlobalSection
EndGlobal
